{
  "originHash" : "1e38a9176513cdb0e1da8d59ce7a67ffce6a721d93e8568380cabe3c36346c84",
  "pins" : [
    {
      "identity" : "cbor",
      "kind" : "remoteSourceControl",
      "location" : "https://github.com/apache-edge/cbor.git",
      "state" : {
        "revision" : "38d21e5a9956defa34283301c046e480db8955fd",
        "version" : "0.0.2"
      }
    },
    {
      "identity" : "swift-crypto",
      "kind" : "remoteSourceControl",
      "location" : "https://github.com/apple/swift-crypto.git",
      "state" : {
        "revision" : "60f13f60c4d093691934dc6cfdf5f508ada1f894",
        "version" : "2.6.0"
      }
    }
  ],
  "version" : 3
}
