{
  "originHash" : "2a4b5defb261379f3761968afbcf34acee0af7a31d00f785a797847c9beb6dd2",
  "pins" : [
    {
      "identity" : "cbor",
      "kind" : "remoteSourceControl",
      "location" : "https://github.com/apache-edge/cbor.git",
      "state" : {
        "revision" : "7cc842ce80352e5055ece9a023a740a6133f0492",
        "version" : "0.0.3"
      }
    },
    {
      "identity" : "swift-crypto",
      "kind" : "remoteSourceControl",
      "location" : "https://github.com/apple/swift-crypto.git",
      "state" : {
        "revision" : "60f13f60c4d093691934dc6cfdf5f508ada1f894",
        "version" : "2.6.0"
      }
    }
  ],
  "version" : 3
}
